
Microsoft Visual Studio Solution File, Format Version 12.00
# Visual Studio Version 17
VisualStudioVersion = 17.4.33213.308
MinimumVisualStudioVersion = 10.0.40219.1
Project("{9A19103F-16F7-4668-BE54-9A1E7A4F7556}") = "MicroserviceMail", "src\MicroserviceMail\MicroserviceMail.csproj", "{988CAA8F-9A65-47FD-BB5F-D638F3475D90}"
EndProject
Project("{2150E333-8FDC-42A3-9474-1A3956D46DE8}") = "src", "src", "{E4210C98-549D-4765-B96E-9BE25FEBAFB0}"
EndProject
Project("{2150E333-8FDC-42A3-9474-1A3956D46DE8}") = "tests", "tests", "{079CEDA8-89CF-48A4-88E4-5E2687E255AD}"
EndProject
Project("{FAE04EC0-301F-11D3-BF4B-00C04F79EFBC}") = "MicroserviceMail.Tests", "tests\MicroserviceMail.Tests\MicroserviceMail.Tests.csproj", "{D8D465BF-68DA-4D68-A72B-05AB97F26923}"
EndProject
Global
	GlobalSection(SolutionConfigurationPlatforms) = preSolution
		Debug|Any CPU = Debug|Any CPU
		Release|Any CPU = Release|Any CPU
	EndGlobalSection
	GlobalSection(ProjectConfigurationPlatforms) = postSolution
		{988CAA8F-9A65-47FD-BB5F-D638F3475D90}.Debug|Any CPU.ActiveCfg = Debug|Any CPU
		{988CAA8F-9A65-47FD-BB5F-D638F3475D90}.Debug|Any CPU.Build.0 = Debug|Any CPU
		{988CAA8F-9A65-47FD-BB5F-D638F3475D90}.Release|Any CPU.ActiveCfg = Release|Any CPU
		{988CAA8F-9A65-47FD-BB5F-D638F3475D90}.Release|Any CPU.Build.0 = Release|Any CPU
		{D8D465BF-68DA-4D68-A72B-05AB97F26923}.Debug|Any CPU.ActiveCfg = Debug|Any CPU
		{D8D465BF-68DA-4D68-A72B-05AB97F26923}.Debug|Any CPU.Build.0 = Debug|Any CPU
		{D8D465BF-68DA-4D68-A72B-05AB97F26923}.Release|Any CPU.ActiveCfg = Release|Any CPU
		{D8D465BF-68DA-4D68-A72B-05AB97F26923}.Release|Any CPU.Build.0 = Release|Any CPU
	EndGlobalSection
	GlobalSection(SolutionProperties) = preSolution
		HideSolutionNode = FALSE
	EndGlobalSection
	GlobalSection(NestedProjects) = preSolution
		{988CAA8F-9A65-47FD-BB5F-D638F3475D90} = {E4210C98-549D-4765-B96E-9BE25FEBAFB0}
		{D8D465BF-68DA-4D68-A72B-05AB97F26923} = {079CEDA8-89CF-48A4-88E4-5E2687E255AD}
	EndGlobalSection
	GlobalSection(ExtensibilityGlobals) = postSolution
		SolutionGuid = {67ED36A4-371F-415F-B161-22B63DAB4BE5}
	EndGlobalSection
EndGlobal
